
Microsoft Visual Studio Solution File, Format Version 12.00
# Visual Studio Version 17
VisualStudioVersion = 17.11.35327.3
MinimumVisualStudioVersion = 10.0.40219.1
Project("{8BC9CEB8-8B4A-11D0-8D11-00A0C91BC942}") = "Prakt4", "Prakt4\Prakt4.vcxproj", "{B8DDCDC4-DA74-465A-B815-071500E2C3F0}"
EndProject
Global
	GlobalSection(SolutionConfigurationPlatforms) = preSolution
		Debug|x64 = Debug|x64
		Debug|x86 = Debug|x86
		Release|x64 = Release|x64
		Release|x86 = Release|x86
	EndGlobalSection
	GlobalSection(ProjectConfigurationPlatforms) = postSolution
		{B8DDCDC4-DA74-465A-B815-071500E2C3F0}.Debug|x64.ActiveCfg = Debug|x64
		{B8DDCDC4-DA74-465A-B815-071500E2C3F0}.Debug|x64.Build.0 = Debug|x64
		{B8DDCDC4-DA74-465A-B815-071500E2C3F0}.Debug|x86.ActiveCfg = Debug|Win32
		{B8DDCDC4-DA74-465A-B815-071500E2C3F0}.Debug|x86.Build.0 = Debug|Win32
		{B8DDCDC4-DA74-465A-B815-071500E2C3F0}.Release|x64.ActiveCfg = Release|x64
		{B8DDCDC4-DA74-465A-B815-071500E2C3F0}.Release|x64.Build.0 = Release|x64
		{B8DDCDC4-DA74-465A-B815-071500E2C3F0}.Release|x86.ActiveCfg = Release|Win32
		{B8DDCDC4-DA74-465A-B815-071500E2C3F0}.Release|x86.Build.0 = Release|Win32
	EndGlobalSection
	GlobalSection(SolutionProperties) = preSolution
		HideSolutionNode = FALSE
	EndGlobalSection
	GlobalSection(ExtensibilityGlobals) = postSolution
		SolutionGuid = {1983B69E-B585-4629-A729-941F31A9DF51}
	EndGlobalSection
EndGlobal
